
Microsoft Visual Studio Solution File, Format Version 12.00
# Visual Studio Version 16
VisualStudioVersion = 16.0.29306.81
MinimumVisualStudioVersion = 10.0.40219.1
Project("{FAE04EC0-301F-11D3-BF4B-00C04F79EFBC}") = "KaneCountyIDScanner", "KaneCountyIDScanner\KaneCountyIDScanner.csproj", "{8ADB9492-BC6E-4665-884E-0931A34C2744}"
EndProject
Global
	GlobalSection(SolutionConfigurationPlatforms) = preSolution
		Debug|Any CPU = Debug|Any CPU
		Release|Any CPU = Release|Any CPU
	EndGlobalSection
	GlobalSection(ProjectConfigurationPlatforms) = postSolution
		{8ADB9492-BC6E-4665-884E-0931A34C2744}.Debug|Any CPU.ActiveCfg = Debug|Any CPU
		{8ADB9492-BC6E-4665-884E-0931A34C2744}.Debug|Any CPU.Build.0 = Debug|Any CPU
		{8ADB9492-BC6E-4665-884E-0931A34C2744}.Release|Any CPU.ActiveCfg = Release|Any CPU
		{8ADB9492-BC6E-4665-884E-0931A34C2744}.Release|Any CPU.Build.0 = Release|Any CPU
	EndGlobalSection
	GlobalSection(SolutionProperties) = preSolution
		HideSolutionNode = FALSE
	EndGlobalSection
	GlobalSection(ExtensibilityGlobals) = postSolution
		SolutionGuid = {C9A04001-37C4-4AE4-A735-CF509577FD98}
	EndGlobalSection
EndGlobal
